{
  "nodes": {
    "nixpkgs": {
      "locked": {
        "lastModified": 1756308766,
        "narHash": "sha256-e4ijlQsQRxbgXr56Ob/1n2NByY+zMTPk3bmHj9pjmEo=",
        "owner": "NixOS",
        "repo": "nixpkgs",
        "rev": "5c99d67b8618876563e7b9eacf7567cc62aeb7fd",
        "type": "github"
      },
      "original": {
        "owner": "NixOS",
        "repo": "nixpkgs",
        "rev": "5c99d67b8618876563e7b9eacf7567cc62aeb7fd",
        "type": "github"
      }
    },
    "root": {
      "inputs": {
        "nixpkgs": "nixpkgs"
      }
    }
  },
  "root": "root",
  "version": 7
}
